# This file is automatically @generated by Cargo.
# It is not intended for manual editing.
version = 3

[[package]]
name = "autocfg"
version = "1.1.0"
source = "registry+https://github.com/rust-lang/crates.io-index"
checksum = "d468802bab17cbc0cc575e9b053f41e72aa36bfa6b7f55e3529ffa43161b97fa"

[[package]]
name = "bumpalo"
version = "3.14.0"
source = "registry+https://github.com/rust-lang/crates.io-index"
checksum = "7f30e7476521f6f8af1a1c4c0b8cc94f0bee37d91763d0ca2665f299b6cd8aec"

[[package]]
name = "downcast-rs"
version = "1.2.0"
source = "registry+https://github.com/rust-lang/crates.io-index"
checksum = "9ea835d29036a4087793836fa931b08837ad5e957da9e23886b29586fb9b6650"

[[package]]
name = "indexmap-nostd"
version = "0.4.0"
source = "registry+https://github.com/rust-lang/crates.io-index"
checksum = "8e04e2fd2b8188ea827b32ef11de88377086d690286ab35747ef7f9bf3ccb590"

[[package]]
name = "leb128"
version = "0.2.5"
source = "registry+https://github.com/rust-lang/crates.io-index"
checksum = "884e2677b40cc8c339eaefcb701c32ef1fd2493d71118dc0ca4b6a736c93bd67"

[[package]]
name = "libm"
version = "0.2.8"
source = "registry+https://github.com/rust-lang/crates.io-index"
checksum = "4ec2a862134d2a7d32d7983ddcdd1c4923530833c9f2ea1a44fc5fa473989058"

[[package]]
name = "memchr"
version = "2.7.1"
source = "registry+https://github.com/rust-lang/crates.io-index"
checksum = "523dc4f511e55ab87b694dc30d0f820d60906ef06413f93d4d7a1385599cc149"

[[package]]
name = "num-traits"
version = "0.2.18"
source = "registry+https://github.com/rust-lang/crates.io-index"
checksum = "da0df0e5185db44f69b44f26786fe401b6c293d1907744beaa7fa62b2e5a517a"
dependencies = [
 "autocfg",
]

[[package]]
name = "outside"
version = "0.0.0"
dependencies = [
 "wasmi",
 "wat",
]

[[package]]
name = "paste"
version = "1.0.14"
source = "registry+https://github.com/rust-lang/crates.io-index"
checksum = "de3145af08024dea9fa9914f381a17b8fc6034dfb00f3a84013f7ff43f29ed4c"

[[package]]
name = "smallvec"
version = "1.13.1"
source = "registry+https://github.com/rust-lang/crates.io-index"
checksum = "e6ecd384b10a64542d77071bd64bd7b231f4ed5940fba55e98c3de13824cf3d7"

[[package]]
name = "spin"
version = "0.9.8"
source = "registry+https://github.com/rust-lang/crates.io-index"
checksum = "6980e8d7511241f8acf4aebddbb1ff938df5eebe98691418c4468d0b72a96a67"

[[package]]
name = "unicode-width"
version = "0.1.11"
source = "registry+https://github.com/rust-lang/crates.io-index"
checksum = "e51733f11c9c4f72aa0c160008246859e340b00807569a0da0e7a1079b27ba85"

[[package]]
name = "wasm-encoder"
version = "0.41.1"
source = "registry+https://github.com/rust-lang/crates.io-index"
checksum = "6ce14de623d48dda4c10698c4dadae2366b5c2c8e81bad981d5a0625a5fcf68c"
dependencies = [
 "leb128",
]

[[package]]
name = "wasmi"
version = "0.31.2"
source = "registry+https://github.com/rust-lang/crates.io-index"
checksum = "77a8281d1d660cdf54c76a3efa9ddd0c270cada1383a995db3ccb43d166456c7"
dependencies = [
 "smallvec",
 "spin",
 "wasmi_arena",
 "wasmi_core",
 "wasmparser-nostd",
]

[[package]]
name = "wasmi_arena"
version = "0.4.1"
source = "registry+https://github.com/rust-lang/crates.io-index"
checksum = "104a7f73be44570cac297b3035d76b169d6599637631cf37a1703326a0727073"

[[package]]
name = "wasmi_core"
version = "0.13.0"
source = "registry+https://github.com/rust-lang/crates.io-index"
checksum = "dcf1a7db34bff95b85c261002720c00c3a6168256dcb93041d3fa2054d19856a"
dependencies = [
 "downcast-rs",
 "libm",
 "num-traits",
 "paste",
]

[[package]]
name = "wasmparser-nostd"
version = "0.100.1"
source = "registry+https://github.com/rust-lang/crates.io-index"
checksum = "9157cab83003221bfd385833ab587a039f5d6fa7304854042ba358a3b09e0724"
dependencies = [
 "indexmap-nostd",
]

[[package]]
name = "wast"
version = "71.0.0"
source = "registry+https://github.com/rust-lang/crates.io-index"
checksum = "a10dad39ea4623ed4c304fb42bd455eca6d212f7e5e0cb59681fed7e4d128a2e"
dependencies = [
 "bumpalo",
 "leb128",
 "memchr",
 "unicode-width",
 "wasm-encoder",
]

[[package]]
name = "wat"
version = "1.0.86"
source = "registry+https://github.com/rust-lang/crates.io-index"
checksum = "b724419d3bffeff174745b924f6ed053095ac58f9ae72e87d2e0f8ef6df6df96"
dependencies = [
 "wast",
]

[[patch.unused]]
name = "hikari-boot"
version = "0.1.0"

[[patch.unused]]
name = "hikari-components"
version = "0.1.0"

[[patch.unused]]
name = "tairitsu-boot"
version = "0.1.0"

[[patch.unused]]
name = "tairitsu-utils"
version = "0.1.0"

[[patch.unused]]
name = "tairitsu-vm"
version = "0.1.0"
