# This file is automatically @generated by Cargo.
# It is not intended for manual editing.
version = 3

[[package]]
name = "inside"
version = "0.0.0"

[[patch.unused]]
name = "hikari-boot"
version = "0.1.0"

[[patch.unused]]
name = "hikari-components"
version = "0.1.0"

[[patch.unused]]
name = "tairitsu-boot"
version = "0.1.0"

[[patch.unused]]
name = "tairitsu-utils"
version = "0.1.0"

[[patch.unused]]
name = "tairitsu-vm"
version = "0.1.0"
